
Microsoft Visual Studio Solution File, Format Version 12.00
# Visual Studio Version 16
VisualStudioVersion = 16.0.31702.278
MinimumVisualStudioVersion = 10.0.40219.1
Project("{FAE04EC0-301F-11D3-BF4B-00C04F79EFBC}") = "NoslDar", "NoslDar\NoslDar.csproj", "{EB968F93-2FD0-4C3C-89DE-E572325AC3CA}"
EndProject
Global
	GlobalSection(SolutionConfigurationPlatforms) = preSolution
		Debug|Any CPU = Debug|Any CPU
		Release|Any CPU = Release|Any CPU
	EndGlobalSection
	GlobalSection(ProjectConfigurationPlatforms) = postSolution
		{EB968F93-2FD0-4C3C-89DE-E572325AC3CA}.Debug|Any CPU.ActiveCfg = Debug|Any CPU
		{EB968F93-2FD0-4C3C-89DE-E572325AC3CA}.Debug|Any CPU.Build.0 = Debug|Any CPU
		{EB968F93-2FD0-4C3C-89DE-E572325AC3CA}.Release|Any CPU.ActiveCfg = Release|Any CPU
		{EB968F93-2FD0-4C3C-89DE-E572325AC3CA}.Release|Any CPU.Build.0 = Release|Any CPU
	EndGlobalSection
	GlobalSection(SolutionProperties) = preSolution
		HideSolutionNode = FALSE
	EndGlobalSection
	GlobalSection(ExtensibilityGlobals) = postSolution
		SolutionGuid = {AD0BD551-083D-4894-9BF8-30B514D90BBB}
	EndGlobalSection
EndGlobal
